
Microsoft Visual Studio Solution File, Format Version 12.00
# Visual Studio Express 2012 for Windows Desktop
Project("{F184B08F-C81C-45F6-A57F-5ABD9991F28F}") = "LOGI 1.0", "LOGI 1.0\LOGI 1.0.vbproj", "{42EB979B-601B-4D55-93F7-8EA36968B92D}"
EndProject
Global
	GlobalSection(SolutionConfigurationPlatforms) = preSolution
		Debug|Any CPU = Debug|Any CPU
		Release|Any CPU = Release|Any CPU
	EndGlobalSection
	GlobalSection(ProjectConfigurationPlatforms) = postSolution
		{42EB979B-601B-4D55-93F7-8EA36968B92D}.Debug|Any CPU.ActiveCfg = Debug|Any CPU
		{42EB979B-601B-4D55-93F7-8EA36968B92D}.Debug|Any CPU.Build.0 = Debug|Any CPU
		{42EB979B-601B-4D55-93F7-8EA36968B92D}.Release|Any CPU.ActiveCfg = Release|Any CPU
		{42EB979B-601B-4D55-93F7-8EA36968B92D}.Release|Any CPU.Build.0 = Release|Any CPU
	EndGlobalSection
	GlobalSection(SolutionProperties) = preSolution
		HideSolutionNode = FALSE
	EndGlobalSection
EndGlobal
